// !$*UTF8*$!
{
	archiveVersion = 1;
	classes = {
	};
	objectVersion = 46;
	objects = {

/* Begin PBXBuildFile section */
		B17014801E4C1ED90022A30C /* main.m in Sources */ = {isa = PBXBuildFile; fileRef = B170147F1E4C1ED90022A30C /* main.m */; };
		B17014831E4C1ED90022A30C /* AppDelegate.m in Sources */ = {isa = PBXBuildFile; fileRef = B17014821E4C1ED90022A30C /* AppDelegate.m */; };
		B17014861E4C1ED90022A30C /* ViewController.m in Sources */ = {isa = PBXBuildFile; fileRef = B17014851E4C1ED90022A30C /* ViewController.m */; };
		B17014891E4C1ED90022A30C /* Main.storyboard in Resources */ = {isa = PBXBuildFile; fileRef = B17014871E4C1ED90022A30C /* Main.storyboard */; };
		B170148B1E4C1ED90022A30C /* Assets.xcassets in Resources */ = {isa = PBXBuildFile; fileRef = B170148A1E4C1ED90022A30C /* Assets.xcassets */; };
		B170148E1E4C1ED90022A30C /* LaunchScreen.storyboard in Resources */ = {isa = PBXBuildFile; fileRef = B170148C1E4C1ED90022A30C /* LaunchScreen.storyboard */; };
		B17014991E4C1ED90022A30C /* DeleteTests.m in Sources */ = {isa = PBXBuildFile; fileRef = B17014981E4C1ED90022A30C /* DeleteTests.m */; };
		B17014A41E4C1ED90022A30C /* DeleteUITests.m in Sources */ = {isa = PBXBuildFile; fileRef = B17014A31E4C1ED90022A30C /* DeleteUITests.m */; };
/* End PBXBuildFile section */

/* Begin PBXContainerItemProxy section */
		B17014951E4C1ED90022A30C /* PBXContainerItemProxy */ = {
			isa = PBXContainerItemProxy;
			containerPortal = B17014731E4C1ED80022A30C /* Project object */;
			proxyType = 1;
			remoteGlobalIDString = B170147A1E4C1ED80022A30C;
			remoteInfo = Delete;
		};
		B17014A01E4C1ED90022A30C /* PBXContainerItemProxy */ = {
			isa = PBXContainerItemProxy;
			containerPortal = B17014731E4C1ED80022A30C /* Project object */;
			proxyType = 1;
			remoteGlobalIDString = B170147A1E4C1ED80022A30C;
			remoteInfo = Delete;
		};
/* End PBXContainerItemProxy section */

/* Begin PBXFileReference section */
		B170147B1E4C1ED80022A30C /* Delete.app */ = {isa = PBXFileReference; explicitFileType = wrapper.application; includeInIndex = 0; path = Delete.app; sourceTree = BUILT_PRODUCTS_DIR; };
		B170147F1E4C1ED90022A30C /* main.m */ = {isa = PBXFileReference; lastKnownFileType = sourcecode.c.objc; path = main.m; sourceTree = "<group>"; };
		B17014811E4C1ED90022A30C /* AppDelegate.h */ = {isa = PBXFileReference; lastKnownFileType = sourcecode.c.h; path = AppDelegate.h; sourceTree = "<group>"; };
		B17014821E4C1ED90022A30C /* AppDelegate.m */ = {isa = PBXFileReference; lastKnownFileType = sourcecode.c.objc; path = AppDelegate.m; sourceTree = "<group>"; };
		B17014841E4C1ED90022A30C /* ViewController.h */ = {isa = PBXFileReference; lastKnownFileType = sourcecode.c.h; path = ViewController.h; sourceTree = "<group>"; };
		B17014851E4C1ED90022A30C /* ViewController.m */ = {isa = PBXFileReference; lastKnownFileType = sourcecode.c.objc; path = ViewController.m; sourceTree = "<group>"; };
		B17014881E4C1ED90022A30C /* Base */ = {isa = PBXFileReference; lastKnownFileType = file.storyboard; name = Base; path = Base.lproj/Main.storyboard; sourceTree = "<group>"; };
		B170148A1E4C1ED90022A30C /* Assets.xcassets */ = {isa = PBXFileReference; lastKnownFileType = folder.assetcatalog; path = Assets.xcassets; sourceTree = "<group>"; };
		B170148D1E4C1ED90022A30C /* Base */ = {isa = PBXFileReference; lastKnownFileType = file.storyboard; name = Base; path = Base.lproj/LaunchScreen.storyboard; sourceTree = "<group>"; };
		B170148F1E4C1ED90022A30C /* Info.plist */ = {isa = PBXFileReference; lastKnownFileType = text.plist.xml; path = Info.plist; sourceTree = "<group>"; };
		B17014941E4C1ED90022A30C /* DeleteTests.xctest */ = {isa = PBXFileReference; explicitFileType = wrapper.cfbundle; includeInIndex = 0; path = DeleteTests.xctest; sourceTree = BUILT_PRODUCTS_DIR; };
		B17014981E4C1ED90022A30C /* DeleteTests.m */ = {isa = PBXFileReference; lastKnownFileType = sourcecode.c.objc; path = DeleteTests.m; sourceTree = "<group>"; };
		B170149A1E4C1ED90022A30C /* Info.plist */ = {isa = PBXFileReference; lastKnownFileType = text.plist.xml; path = Info.plist; sourceTree = "<group>"; };
		B170149F1E4C1ED90022A30C /* DeleteUITests.xctest */ = {isa = PBXFileReference; explicitFileType = wrapper.cfbundle; includeInIndex = 0; path = DeleteUITests.xctest; sourceTree = BUILT_PRODUCTS_DIR; };
		B17014A31E4C1ED90022A30C /* DeleteUITests.m */ = {isa = PBXFileReference; lastKnownFileType = sourcecode.c.objc; path = DeleteUITests.m; sourceTree = "<group>"; };
		B17014A51E4C1ED90022A30C /* Info.plist */ = {isa = PBXFileReference; lastKnownFileType = text.plist.xml; path = Info.plist; sourceTree = "<group>"; };
/* End PBXFileReference section */

/* Begin PBXFrameworksBuildPhase section */
		B17014781E4C1ED80022A30C /* Frameworks */ = {
			isa = PBXFrameworksBuildPhase;
			buildActionMask = 2147483647;
			files = (
			);
			runOnlyForDeploymentPostprocessing = 0;
		};
		B17014911E4C1ED90022A30C /* Frameworks */ = {
			isa = PBXFrameworksBuildPhase;
			buildActionMask = 2147483647;
			files = (
			);
			runOnlyForDeploymentPostprocessing = 0;
		};
		B170149C1E4C1ED90022A30C /* Frameworks */ = {
			isa = PBXFrameworksBuildPhase;
			buildActionMask = 2147483647;
			files = (
			);
			runOnlyForDeploymentPostprocessing = 0;
		};
/* End PBXFrameworksBuildPhase section */

/* Begin PBXGroup section */
		B17014721E4C1ED80022A30C = {
			isa = PBXGroup;
			children = (
				B170147D1E4C1ED80022A30C /* Delete */,
				B17014971E4C1ED90022A30C /* DeleteTests */,
				B17014A21E4C1ED90022A30C /* DeleteUITests */,
				B170147C1E4C1ED80022A30C /* Products */,
			);
			sourceTree = "<group>";
		};
		B170147C1E4C1ED80022A30C /* Products */ = {
			isa = PBXGroup;
			children = (
				B170147B1E4C1ED80022A30C /* Delete.app */,
				B17014941E4C1ED90022A30C /* DeleteTests.xctest */,
				B170149F1E4C1ED90022A30C /* DeleteUITests.xctest */,
			);
			name = Products;
			sourceTree = "<group>";
		};
		B170147D1E4C1ED80022A30C /* Delete */ = {
			isa = PBXGroup;
			children = (
				B17014811E4C1ED90022A30C /* AppDelegate.h */,
				B17014821E4C1ED90022A30C /* AppDelegate.m */,
				B17014841E4C1ED90022A30C /* ViewController.h */,
				B17014851E4C1ED90022A30C /* ViewController.m */,
				B17014871E4C1ED90022A30C /* Main.storyboard */,
				B170148A1E4C1ED90022A30C /* Assets.xcassets */,
				B170148C1E4C1ED90022A30C /* LaunchScreen.storyboard */,
				B170148F1E4C1ED90022A30C /* Info.plist */,
				B170147E1E4C1ED90022A30C /* Supporting Files */,
			);
			path = Delete;
			sourceTree = "<group>";
		};
		B170147E1E4C1ED90022A30C /* Supporting Files */ = {
			isa = PBXGroup;
			children = (
				B170147F1E4C1ED90022A30C /* main.m */,
			);
			name = "Supporting Files";
			sourceTree = "<group>";
		};
		B17014971E4C1ED90022A30C /* DeleteTests */ = {
			isa = PBXGroup;
			children = (
				B17014981E4C1ED90022A30C /* DeleteTests.m */,
				B170149A1E4C1ED90022A30C /* Info.plist */,
			);
			path = DeleteTests;
			sourceTree = "<group>";
		};
		B17014A21E4C1ED90022A30C /* DeleteUITests */ = {
			isa = PBXGroup;
			children = (
				B17014A31E4C1ED90022A30C /* DeleteUITests.m */,
				B17014A51E4C1ED90022A30C /* Info.plist */,
			);
			path = DeleteUITests;
			sourceTree = "<group>";
		};
/* End PBXGroup section */

/* Begin PBXNativeTarget section */
		B170147A1E4C1ED80022A30C /* Delete */ = {
			isa = PBXNativeTarget;
			buildConfigurationList = B17014A81E4C1ED90022A30C /* Build configuration list for PBXNativeTarget "Delete" */;
			buildPhases = (
				B17014771E4C1ED80022A30C /* Sources */,
				B17014781E4C1ED80022A30C /* Frameworks */,
				B17014791E4C1ED80022A30C /* Resources */,
			);
			buildRules = (
			);
			dependencies = (
			);
			name = Delete;
			productName = Delete;
			productReference = B170147B1E4C1ED80022A30C /* Delete.app */;
			productType = "com.apple.product-type.application";
		};
		B17014931E4C1ED90022A30C /* DeleteTests */ = {
			isa = PBXNativeTarget;
			buildConfigurationList = B17014AB1E4C1ED90022A30C /* Build configuration list for PBXNativeTarget "DeleteTests" */;
			buildPhases = (
				B17014901E4C1ED90022A30C /* Sources */,
				B17014911E4C1ED90022A30C /* Frameworks */,
				B17014921E4C1ED90022A30C /* Resources */,
			);
			buildRules = (
			);
			dependencies = (
				B17014961E4C1ED90022A30C /* PBXTargetDependency */,
			);
			name = DeleteTests;
			productName = DeleteTests;
			productReference = B17014941E4C1ED90022A30C /* DeleteTests.xctest */;
			productType = "com.apple.product-type.bundle.unit-test";
		};
		B170149E1E4C1ED90022A30C /* DeleteUITests */ = {
			isa = PBXNativeTarget;
			buildConfigurationList = B17014AE1E4C1ED90022A30C /* Build configuration list for PBXNativeTarget "DeleteUITests" */;
			buildPhases = (
				B170149B1E4C1ED90022A30C /* Sources */,
				B170149C1E4C1ED90022A30C /* Frameworks */,
				B170149D1E4C1ED90022A30C /* Resources */,
			);
			buildRules = (
			);
			dependencies = (
				B17014A11E4C1ED90022A30C /* PBXTargetDependency */,
			);
			name = DeleteUITests;
			productName = DeleteUITests;
			productReference = B170149F1E4C1ED90022A30C /* DeleteUITests.xctest */;
			productType = "com.apple.product-type.bundle.ui-testing";
		};
/* End PBXNativeTarget section */

/* Begin PBXProject section */
		B17014731E4C1ED80022A30C /* Project object */ = {
			isa = PBXProject;
			attributes = {
				LastUpgradeCheck = 0820;
				ORGANIZATIONNAME = Sudha;
				TargetAttributes = {
					B170147A1E4C1ED80022A30C = {
						CreatedOnToolsVersion = 8.2.1;
						ProvisioningStyle = Automatic;
					};
					B17014931E4C1ED90022A30C = {
						CreatedOnToolsVersion = 8.2.1;
						ProvisioningStyle = Automatic;
						TestTargetID = B170147A1E4C1ED80022A30C;
					};
					B170149E1E4C1ED90022A30C = {
						CreatedOnToolsVersion = 8.2.1;
						ProvisioningStyle = Automatic;
						TestTargetID = B170147A1E4C1ED80022A30C;
					};
				};
			};
			buildConfigurationList = B17014761E4C1ED80022A30C /* Build configuration list for PBXProject "Delete" */;
			compatibilityVersion = "Xcode 3.2";
			developmentRegion = English;
			hasScannedForEncodings = 0;
			knownRegions = (
				en,
				Base,
			);
			mainGroup = B17014721E4C1ED80022A30C;
			productRefGroup = B170147C1E4C1ED80022A30C /* Products */;
			projectDirPath = "";
			projectRoot = "";
			targets = (
				B170147A1E4C1ED80022A30C /* Delete */,
				B17014931E4C1ED90022A30C /* DeleteTests */,
				B170149E1E4C1ED90022A30C /* DeleteUITests */,
			);
		};
/* End PBXProject section */

/* Begin PBXResourcesBuildPhase section */
		B17014791E4C1ED80022A30C /* Resources */ = {
			isa = PBXResourcesBuildPhase;
			buildActionMask = 2147483647;
			files = (
				B170148E1E4C1ED90022A30C /* LaunchScreen.storyboard in Resources */,
				B170148B1E4C1ED90022A30C /* Assets.xcassets in Resources */,
				B17014891E4C1ED90022A30C /* Main.storyboard in Resources */,
			);
			runOnlyForDeploymentPostprocessing = 0;
		};
		B17014921E4C1ED90022A30C /* Resources */ = {
			isa = PBXResourcesBuildPhase;
			buildActionMask = 2147483647;
			files = (
			);
			runOnlyForDeploymentPostprocessing = 0;
		};
		B170149D1E4C1ED90022A30C /* Resources */ = {
			isa = PBXResourcesBuildPhase;
			buildActionMask = 2147483647;
			files = (
			);
			runOnlyForDeploymentPostprocessing = 0;
		};
/* End PBXResourcesBuildPhase section */

/* Begin PBXSourcesBuildPhase section */
		B17014771E4C1ED80022A30C /* Sources */ = {
			isa = PBXSourcesBuildPhase;
			buildActionMask = 2147483647;
			files = (
				B17014861E4C1ED90022A30C /* ViewController.m in Sources */,
				B17014831E4C1ED90022A30C /* AppDelegate.m in Sources */,
				B17014801E4C1ED90022A30C /* main.m in Sources */,
			);
			runOnlyForDeploymentPostprocessing = 0;
		};
		B17014901E4C1ED90022A30C /* Sources */ = {
			isa = PBXSourcesBuildPhase;
			buildActionMask = 2147483647;
			files = (
				B17014991E4C1ED90022A30C /* DeleteTests.m in Sources */,
			);
			runOnlyForDeploymentPostprocessing = 0;
		};
		B170149B1E4C1ED90022A30C /* Sources */ = {
			isa = PBXSourcesBuildPhase;
			buildActionMask = 2147483647;
			files = (
				B17014A41E4C1ED90022A30C /* DeleteUITests.m in Sources */,
			);
			runOnlyForDeploymentPostprocessing = 0;
		};
/* End PBXSourcesBuildPhase section */

/* Begin PBXTargetDependency section */
		B17014961E4C1ED90022A30C /* PBXTargetDependency */ = {
			isa = PBXTargetDependency;
			target = B170147A1E4C1ED80022A30C /* Delete */;
			targetProxy = B17014951E4C1ED90022A30C /* PBXContainerItemProxy */;
		};
		B17014A11E4C1ED90022A30C /* PBXTargetDependency */ = {
			isa = PBXTargetDependency;
			target = B170147A1E4C1ED80022A30C /* Delete */;
			targetProxy = B17014A01E4C1ED90022A30C /* PBXContainerItemProxy */;
		};
/* End PBXTargetDependency section */

/* Begin PBXVariantGroup section */
		B17014871E4C1ED90022A30C /* Main.storyboard */ = {
			isa = PBXVariantGroup;
			children = (
				B17014881E4C1ED90022A30C /* Base */,
			);
			name = Main.storyboard;
			sourceTree = "<group>";
		};
		B170148C1E4C1ED90022A30C /* LaunchScreen.storyboard */ = {
			isa = PBXVariantGroup;
			children = (
				B170148D1E4C1ED90022A30C /* Base */,
			);
			name = LaunchScreen.storyboard;
			sourceTree = "<group>";
		};
/* End PBXVariantGroup section */

/* Begin XCBuildConfiguration section */
		B17014A61E4C1ED90022A30C /* Debug */ = {
			isa = XCBuildConfiguration;
			buildSettings = {
				ALWAYS_SEARCH_USER_PATHS = NO;
				CLANG_ANALYZER_NONNULL = YES;
				CLANG_CXX_LANGUAGE_STANDARD = "gnu++0x";
				CLANG_CXX_LIBRARY = "libc++";
				CLANG_ENABLE_MODULES = YES;
				CLANG_ENABLE_OBJC_ARC = YES;
				CLANG_WARN_BOOL_CONVERSION = YES;
				CLANG_WARN_CONSTANT_CONVERSION = YES;
				CLANG_WARN_DIRECT_OBJC_ISA_USAGE = YES_ERROR;
				CLANG_WARN_DOCUMENTATION_COMMENTS = YES;
				CLANG_WARN_EMPTY_BODY = YES;
				CLANG_WARN_ENUM_CONVERSION = YES;
				CLANG_WARN_INFINITE_RECURSION = YES;
				CLANG_WARN_INT_CONVERSION = YES;
				CLANG_WARN_OBJC_ROOT_CLASS = YES_ERROR;
				CLANG_WARN_SUSPICIOUS_MOVE = YES;
				CLANG_WARN_UNREACHABLE_CODE = YES;
				CLANG_WARN__DUPLICATE_METHOD_MATCH = YES;
				"CODE_SIGN_IDENTITY[sdk=iphoneos*]" = "iPhone Developer";
				COPY_PHASE_STRIP = NO;
				DEBUG_INFORMATION_FORMAT = dwarf;
				ENABLE_STRICT_OBJC_MSGSEND = YES;
				ENABLE_TESTABILITY = YES;
				GCC_C_LANGUAGE_STANDARD = gnu99;
				GCC_DYNAMIC_NO_PIC = NO;
				GCC_NO_COMMON_BLOCKS = YES;
				GCC_OPTIMIZATION_LEVEL = 0;
				GCC_PREPROCESSOR_DEFINITIONS = (
					"DEBUG=1",
					"$(inherited)",
				);
				GCC_WARN_64_TO_32_BIT_CONVERSION = YES;
				GCC_WARN_ABOUT_RETURN_TYPE = YES_ERROR;
				GCC_WARN_UNDECLARED_SELECTOR = YES;
				GCC_WARN_UNINITIALIZED_AUTOS = YES_AGGRESSIVE;
				GCC_WARN_UNUSED_FUNCTION = YES;
				GCC_WARN_UNUSED_VARIABLE = YES;
				IPHONEOS_DEPLOYMENT_TARGET = 10.2;
				MTL_ENABLE_DEBUG_INFO = YES;
				ONLY_ACTIVE_ARCH = YES;
				SDKROOT = iphoneos;
			};
			name = Debug;
		};
		B17014A71E4C1ED90022A30C /* Release */ = {
			isa = XCBuildConfiguration;
			buildSettings = {
				ALWAYS_SEARCH_USER_PATHS = NO;
				CLANG_ANALYZER_NONNULL = YES;
				CLANG_CXX_LANGUAGE_STANDARD = "gnu++0x";
				CLANG_CXX_LIBRARY = "libc++";
				CLANG_ENABLE_MODULES = YES;
				CLANG_ENABLE_OBJC_ARC = YES;
				CLANG_WARN_BOOL_CONVERSION = YES;
				CLANG_WARN_CONSTANT_CONVERSION = YES;
				CLANG_WARN_DIRECT_OBJC_ISA_USAGE = YES_ERROR;
				CLANG_WARN_DOCUMENTATION_COMMENTS = YES;
				CLANG_WARN_EMPTY_BODY = YES;
				CLANG_WARN_ENUM_CONVERSION = YES;
				CLANG_WARN_INFINITE_RECURSION = YES;
				CLANG_WARN_INT_CONVERSION = YES;
				CLANG_WARN_OBJC_ROOT_CLASS = YES_ERROR;
				CLANG_WARN_SUSPICIOUS_MOVE = YES;
				CLANG_WARN_UNREACHABLE_CODE = YES;
				CLANG_WARN__DUPLICATE_METHOD_MATCH = YES;
				"CODE_SIGN_IDENTITY[sdk=iphoneos*]" = "iPhone Developer";
				COPY_PHASE_STRIP = NO;
				DEBUG_INFORMATION_FORMAT = "dwarf-with-dsym";
				ENABLE_NS_ASSERTIONS = NO;
				ENABLE_STRICT_OBJC_MSGSEND = YES;
				GCC_C_LANGUAGE_STANDARD = gnu99;
				GCC_NO_COMMON_BLOCKS = YES;
				GCC_WARN_64_TO_32_BIT_CONVERSION = YES;
				GCC_WARN_ABOUT_RETURN_TYPE = YES_ERROR;
				GCC_WARN_UNDECLARED_SELECTOR = YES;
				GCC_WARN_UNINITIALIZED_AUTOS = YES_AGGRESSIVE;
				GCC_WARN_UNUSED_FUNCTION = YES;
				GCC_WARN_UNUSED_VARIABLE = YES;
				IPHONEOS_DEPLOYMENT_TARGET = 10.2;
				MTL_ENABLE_DEBUG_INFO = NO;
				SDKROOT = iphoneos;
				VALIDATE_PRODUCT = YES;
			};
			name = Release;
		};
		B17014A91E4C1ED90022A30C /* Debug */ = {
			isa = XCBuildConfiguration;
			buildSettings = {
				ASSETCATALOG_COMPILER_APPICON_NAME = AppIcon;
				INFOPLIST_FILE = Delete/Info.plist;
				LD_RUNPATH_SEARCH_PATHS = "$(inherited) @executable_path/Frameworks";
				PRODUCT_BUNDLE_IDENTIFIER = com.neorays.Delete;
				PRODUCT_NAME = "$(TARGET_NAME)";
			};
			name = Debug;
		};
		B17014AA1E4C1ED90022A30C /* Release */ = {
			isa = XCBuildConfiguration;
			buildSettings = {
				ASSETCATALOG_COMPILER_APPICON_NAME = AppIcon;
				INFOPLIST_FILE = Delete/Info.plist;
				LD_RUNPATH_SEARCH_PATHS = "$(inherited) @executable_path/Frameworks";
				PRODUCT_BUNDLE_IDENTIFIER = com.neorays.Delete;
				PRODUCT_NAME = "$(TARGET_NAME)";
			};
			name = Release;
		};
		B17014AC1E4C1ED90022A30C /* Debug */ = {
			isa = XCBuildConfiguration;
			buildSettings = {
				BUNDLE_LOADER = "$(TEST_HOST)";
				INFOPLIST_FILE = DeleteTests/Info.plist;
				LD_RUNPATH_SEARCH_PATHS = "$(inherited) @executable_path/Frameworks @loader_path/Frameworks";
				PRODUCT_BUNDLE_IDENTIFIER = com.neorays.DeleteTests;
				PRODUCT_NAME = "$(TARGET_NAME)";
				TEST_HOST = "$(BUILT_PRODUCTS_DIR)/Delete.app/Delete";
			};
			name = Debug;
		};
		B17014AD1E4C1ED90022A30C /* Release */ = {
			isa = XCBuildConfiguration;
			buildSettings = {
				BUNDLE_LOADER = "$(TEST_HOST)";
				INFOPLIST_FILE = DeleteTests/Info.plist;
				LD_RUNPATH_SEARCH_PATHS = "$(inherited) @executable_path/Frameworks @loader_path/Frameworks";
				PRODUCT_BUNDLE_IDENTIFIER = com.neorays.DeleteTests;
				PRODUCT_NAME = "$(TARGET_NAME)";
				TEST_HOST = "$(BUILT_PRODUCTS_DIR)/Delete.app/Delete";
			};
			name = Release;
		};
		B17014AF1E4C1ED90022A30C /* Debug */ = {
			isa = XCBuildConfiguration;
			buildSettings = {
				INFOPLIST_FILE = DeleteUITests/Info.plist;
				LD_RUNPATH_SEARCH_PATHS = "$(inherited) @executable_path/Frameworks @loader_path/Frameworks";
				PRODUCT_BUNDLE_IDENTIFIER = com.neorays.DeleteUITests;
				PRODUCT_NAME = "$(TARGET_NAME)";
				TEST_TARGET_NAME = Delete;
			};
			name = Debug;
		};
		B17014B01E4C1ED90022A30C /* Release */ = {
			isa = XCBuildConfiguration;
			buildSettings = {
				INFOPLIST_FILE = DeleteUITests/Info.plist;
				LD_RUNPATH_SEARCH_PATHS = "$(inherited) @executable_path/Frameworks @loader_path/Frameworks";
				PRODUCT_BUNDLE_IDENTIFIER = com.neorays.DeleteUITests;
				PRODUCT_NAME = "$(TARGET_NAME)";
				TEST_TARGET_NAME = Delete;
			};
			name = Release;
		};
/* End XCBuildConfiguration section */

/* Begin XCConfigurationList section */
		B17014761E4C1ED80022A30C /* Build configuration list for PBXProject "Delete" */ = {
			isa = XCConfigurationList;
			buildConfigurations = (
				B17014A61E4C1ED90022A30C /* Debug */,
				B17014A71E4C1ED90022A30C /* Release */,
			);
			defaultConfigurationIsVisible = 0;
			defaultConfigurationName = Release;
		};
		B17014A81E4C1ED90022A30C /* Build configuration list for PBXNativeTarget "Delete" */ = {
			isa = XCConfigurationList;
			buildConfigurations = (
				B17014A91E4C1ED90022A30C /* Debug */,
				B17014AA1E4C1ED90022A30C /* Release */,
			);
			defaultConfigurationIsVisible = 0;
		};
		B17014AB1E4C1ED90022A30C /* Build configuration list for PBXNativeTarget "DeleteTests" */ = {
			isa = XCConfigurationList;
			buildConfigurations = (
				B17014AC1E4C1ED90022A30C /* Debug */,
				B17014AD1E4C1ED90022A30C /* Release */,
			);
			defaultConfigurationIsVisible = 0;
		};
		B17014AE1E4C1ED90022A30C /* Build configuration list for PBXNativeTarget "DeleteUITests" */ = {
			isa = XCConfigurationList;
			buildConfigurations = (
				B17014AF1E4C1ED90022A30C /* Debug */,
				B17014B01E4C1ED90022A30C /* Release */,
			);
			defaultConfigurationIsVisible = 0;
		};
/* End XCConfigurationList section */
	};
	rootObject = B17014731E4C1ED80022A30C /* Project object */;
}
